<?xml version="1.0" encoding="UTF-8" standalone="yes" ?>
<CodeBlocks_project_file>
	<FileVersion major="1" minor="6" />
	<Project>
		<Option title="zero" />
		<Option pch_mode="2" />
		<Option compiler="gcc" />
		<Build>
			<Target title="Debug">
				<Option output="bin/Debug/zero" prefix_auto="1" extension_auto="1" />
				<Option object_output="obj/Debug/" />
				<Option type="1" />
				<Option compiler="gcc" />
				<Compiler>
					<Add option="-g" />
					<Add directory="include" />
				</Compiler>
				<Linker>
					<Add library="sfml-graphics" />
					<Add library="sfml-window" />
					<Add library="sfml-system" />
					<Add library="sfml-audio" />
				</Linker>
			</Target>
			<Target title="Release">
				<Option output="bin/Release/zero" prefix_auto="1" extension_auto="1" />
				<Option object_output="obj/Release/" />
				<Option type="0" />
				<Option compiler="gcc" />
				<Compiler>
					<Add option="-O2" />
					<Add directory="include" />
				</Compiler>
				<Linker>
					<Add option="-s" />
					<Add library="sfml-graphics" />
					<Add library="sfml-window" />
					<Add library="sfml-system" />
					<Add library="sfml-audio" />
				</Linker>
			</Target>
		</Build>
		<Compiler>
			<Add option="-Wall" />
		</Compiler>
		<Unit filename="cb.bmp" />
		<Unit filename="include/Agujero.h" />
		<Unit filename="include/AnimaSprites.h" />
		<Unit filename="include/CargaSprites.h" />
		<Unit filename="include/Colorea.h" />
		<Unit filename="include/Ecomb.h" />
		<Unit filename="include/Eplat.h" />
		<Unit filename="include/Fuente.h" />
		<Unit filename="include/JugadorP.h" />
		<Unit filename="include/LevelFactory.h" />
		<Unit filename="include/Menu.h" />
		<Unit filename="include/Mutante.h" />
		<Unit filename="include/Npc.h" />
		<Unit filename="include/Objeto.h" />
		<Unit filename="include/Personaje.h" />
		<Unit filename="include/Puerta.h" />
		<Unit filename="include/Soldado.h" />
		<Unit filename="include/Sonidos.h" />
		<Unit filename="include/State.h" />
		<Unit filename="include/Texto.h" />
		<Unit filename="include/TextoP.h" />
		<Unit filename="include/TileMap.h" />
		<Unit filename="include/Ventana.h" />
		<Unit filename="include/World.h" />
		<Unit filename="include/Zero.h" />
		<Unit filename="include/tinyxml2.h" />
		<Unit filename="main.cpp" />
		<Unit filename="src/Agujero.cpp" />
		<Unit filename="src/AnimaSprites.cpp" />
		<Unit filename="src/CargaSprites.cpp" />
		<Unit filename="src/Colorea.cpp" />
		<Unit filename="src/Ecomb.cpp" />
		<Unit filename="src/Eplat.cpp" />
		<Unit filename="src/Fuente.cpp" />
		<Unit filename="src/JugadorP.cpp" />
		<Unit filename="src/LevelFactory.cpp" />
		<Unit filename="src/Menu.cpp" />
		<Unit filename="src/Mutante.cpp" />
		<Unit filename="src/Npc.cpp" />
		<Unit filename="src/Objeto.cpp" />
		<Unit filename="src/Personaje.cpp" />
		<Unit filename="src/Puerta.cpp" />
		<Unit filename="src/Soldado.cpp" />
		<Unit filename="src/Sonidos.cpp" />
		<Unit filename="src/State.cpp" />
		<Unit filename="src/Texto.cpp" />
		<Unit filename="src/TextoP.cpp" />
		<Unit filename="src/TileMap.cpp" />
		<Unit filename="src/Ventana.cpp" />
		<Unit filename="src/World.cpp" />
		<Unit filename="src/Zero.cpp" />
		<Unit filename="src/tinyxml2.cpp" />
		<Extensions>
			<code_completion />
			<debugger />
		</Extensions>
	</Project>
</CodeBlocks_project_file>
